#MicroXplorer Configuration settings - do not modify
PA11.GPIO_Speed=GPIO_SPEED_FREQ_LOW
Mcu.Family=STM32F4
ProjectManager.MainLocation=Core/Src
PB13.GPIOParameters=GPIO_Label
PA6.Mode=SD_4_bits_Wide_bus
USB_DEVICE.CLASS_NAME_FS=AUDIO
RCC.CortexFreq_Value=96000000
FATFS._USE_LFN=1
ProjectManager.KeepUserCode=true
Mcu.UserName=STM32F411CEUx
FATFS0.BSP.semaphore=
FATFS0.BSP.api=Unknown
ADC1.ContinuousConvMode=ENABLE
VP_FATFS_VS_SDIO.Mode=SDIO
PA10.GPIO_PuPd=GPIO_PULLUP
SH.ADCx_IN2.0=ADC1_IN2,IN2
RCC.PLLCLKFreq_Value=96000000
PB14.GPIO_Label=AMUX_S1
RCC.PLLQCLKFreq_Value=48000000
PA12.GPIOParameters=GPIO_Speed,GPIO_Label
ProjectManager.functionlistsort=1-MX_GPIO_Init-GPIO-false-HAL-true,2-SystemClock_Config-RCC-false-HAL-false,3-MX_ADC1_Init-ADC1-false-HAL-true,4-MX_I2C1_Init-I2C1-false-HAL-true,5-MX_USB_DEVICE_Init-USB_DEVICE-false-HAL-false,6-MX_SDIO_SD_Init-SDIO-false-HAL-true,7-MX_RTC_Init-RTC-false-HAL-true,8-MX_FATFS_Init-FATFS-false-HAL-false
PA11.GPIOParameters=GPIO_Speed,GPIO_Label
VP_RTC_VS_RTC_Activate.Mode=RTC_Enabled
PA11.Mode=Device_Only
RCC.RTCFreq_Value=32000
PB0.GPIO_Label=LED 1
PB13.GPIO_Label=LED 6
PB13.Signal=GPIO_Output
PB15.Signal=SDIO_CK
PC15-OSC32_OUT.GPIO_Label=Button 6
PinOutPanel.RotationAngle=0
RCC.SYSCLKSource=RCC_SYSCLKSOURCE_PLLCLK
ProjectManager.StackSize=0x400
Mcu.IP4=RCC
RCC.FCLKCortexFreq_Value=96000000
Mcu.IP5=RTC
Mcu.IP2=I2C1
I2C1.IPParameters=I2C_Mode
NVIC.SVCall_IRQn=true\:0\:0\:false\:false\:true\:false\:false
Mcu.IP3=NVIC
PA15.GPIO_Label=Button 5
Mcu.IP0=ADC1
Mcu.IP1=FATFS
PA12.Signal=USB_OTG_FS_DP
Mcu.UserConstants=
PH0\ -\ OSC_IN.Signal=RCC_OSC_IN
VP_FATFS_VS_SDIO.Signal=FATFS_VS_SDIO
Mcu.ThirdPartyNb=0
RCC.HCLKFreq_Value=96000000
SH.ADCx_IN3.0=ADC1_IN3,IN3
Mcu.IPNb=10
ADC1.Resolution=ADC_RESOLUTION_8B
RCC.I2SClocksFreq_Value=150000000
ProjectManager.PreviousToolchain=
RCC.APB2TimFreq_Value=96000000
SDIO.IPParameters=ClockDiv
PB6.Signal=I2C1_SCL
RCC.VcooutputI2S=150000000
SH.ADCx_IN3.ConfNb=1
PB6.Mode=I2C
Mcu.Pin6=PA2
Mcu.Pin7=PA3
Mcu.Pin8=PA4
Mcu.Pin9=PA5
RCC.AHBFreq_Value=96000000
PB13.Locked=true
FATFS0.BSP.ip=GPIO
Mcu.Pin0=PC14-OSC32_IN
Mcu.Pin1=PC15-OSC32_OUT
GPIO.groupedBy=Group By Peripherals
Mcu.Pin2=PH0 - OSC_IN
Mcu.Pin3=PH1 - OSC_OUT
Mcu.Pin4=PA0-WKUP
Mcu.Pin5=PA1
ADC1.Channel-0\#ChannelRegularConversion=ADC_CHANNEL_0
ProjectManager.ProjectBuild=false
RCC.HSE_VALUE=25000000
NVIC.UsageFault_IRQn=true\:0\:0\:false\:false\:true\:false\:false
NVIC.DebugMonitor_IRQn=true\:0\:0\:false\:false\:true\:false\:false
PA4.GPIO_PuPd=GPIO_PULLUP
PB2.Signal=GPIO_Output
ADC1.ScanConvMode=ENABLE
FATFS0.BSP.i2caddr=0
PA4.Locked=true
NVIC.SysTick_IRQn=true\:0\:0\:false\:false\:true\:false\:true
PB12.GPIO_Label=LED 5
ProjectManager.FirmwarePackage=STM32Cube FW_F4 V1.26.1
MxDb.Version=DB.6.0.21
PB0.GPIOParameters=GPIO_Label
PB4.Mode=SD_4_bits_Wide_bus
ProjectManager.BackupPrevious=false
RCC.VCOInputFreq_Value=1000000
PA14.Mode=Serial_Wire
SH.ADCx_IN1.ConfNb=1
PA5.GPIO_PuPd=GPIO_PULLUP
PB1.GPIO_Label=LED 2
PB5.Mode=SD_4_bits_Wide_bus
File.Version=6
PA10.GPIO_Label=Button 4
PB3.GPIOParameters=GPIO_Label
PB7.Signal=I2C1_SDA
PA8.Signal=SDIO_D1
PB8.Locked=true
SH.ADCx_IN0.0=ADC1_IN0,IN0
NVIC.PendSV_IRQn=true\:0\:0\:false\:false\:true\:false\:false
ProjectManager.HalAssertFull=false
PB0.Locked=true
ADC1.SamplingTime-0\#ChannelRegularConversion=ADC_SAMPLETIME_3CYCLES
PC14-OSC32_IN.GPIOParameters=GPIO_PuPd,GPIO_Label
ProjectManager.ProjectName=BPMidiCtrl
Mcu.Package=UFQFPN48
PB9.Signal=GPIO_Output
PB1.Signal=GPIO_Output
PA6.Signal=SDIO_CMD
PA7.Locked=true
PA5.Locked=true
FATFS0.BSP.solution=PC14-OSC32_IN
NVIC.OTG_FS_IRQn=true\:0\:0\:false\:false\:true\:false\:true
ProjectManager.ToolChainLocation=
RCC.LSI_VALUE=32000
VP_SYS_VS_Systick.Signal=SYS_VS_Systick
PA10.Signal=GPIO_Input
USB_OTG_FS.VirtualMode=Device_Only
PA15.Signal=GPIO_Input
PA5.GPIOParameters=GPIO_PuPd,GPIO_Label
PB14.GPIOParameters=GPIO_Label
SH.ADCx_IN1.0=ADC1_IN1,IN1
RCC.APB1TimFreq_Value=96000000
NVIC.BusFault_IRQn=true\:0\:0\:false\:false\:true\:false\:false
PC14-OSC32_IN.GPIO_Label=Detect_SDIO
USB_OTG_FS.IPParameters=VirtualMode
PB10.GPIOParameters=GPIO_Label
PC15-OSC32_OUT.GPIOParameters=GPIO_PuPd,GPIO_Label
PA4.GPIO_Label=Button 1
ADC1.EOCSelection=ADC_EOC_SEQ_CONV
ProjectManager.CustomerFirmwarePackage=
PC14-OSC32_IN.Locked=true
PA12.GPIO_Speed=GPIO_SPEED_FREQ_LOW
PB3.Locked=true
PB4.Signal=SDIO_D0
PA3.Signal=ADCx_IN3
PB3.GPIO_Label=AMUX_S0
VP_RTC_VS_RTC_Activate.Signal=RTC_VS_RTC_Activate
FATFS0.BSP.STBoard=false
ProjectManager.ProjectFileName=BPMidiCtrl.ioc
PB8.GPIOParameters=GPIO_Label
ADC1.Rank-0\#ChannelRegularConversion=1
PB9.GPIO_Label=AMUX_S3
PA15.GPIOParameters=GPIO_PuPd,GPIO_Label
Mcu.PinsNb=39
ProjectManager.NoMain=false
USB_DEVICE.VirtualModeFS=Audio_FS
ADC1.IPParameters=Rank-0\#ChannelRegularConversion,master,Channel-0\#ChannelRegularConversion,SamplingTime-0\#ChannelRegularConversion,NbrOfConversionFlag,Resolution,ScanConvMode,ContinuousConvMode,DMAContinuousRequests,NbrOfConversion,ClockPrescaler,EOCSelection
FATFS0.BSP.mode=Input
PH1\ -\ OSC_OUT.Mode=HSE-External-Oscillator
PA11.GPIO_Label=USB_OTG_FS_DM
ProjectManager.DefaultFWLocation=true
PB12.Locked=true
ProjectManager.DeletePrevious=true
PB14.Locked=true
RCC.APB1CLKDivider=RCC_HCLK_DIV2
PB10.Locked=true
PC14-OSC32_IN.Signal=GPIO_Input
USB_DEVICE.IPParameters=VirtualMode,VirtualModeFS,CLASS_NAME_FS
PA12.GPIO_Label=USB_OTG_FS_DP
RCC.FamilyName=M
PA0-WKUP.Signal=ADCx_IN0
PB9.GPIOParameters=GPIO_Label
FATFS0.BSP.instance=PC14-OSC32_IN
FATFS.IPParameters=_USE_LFN,_USE_FIND
PA13.Signal=SYS_JTMS-SWDIO
PB8.GPIO_Label=AMUX_S2
PA15.Locked=true
PA9.Mode=SD_4_bits_Wide_bus
PH0\ -\ OSC_IN.Mode=HSE-External-Oscillator
PC15-OSC32_OUT.Locked=true
ProjectManager.TargetToolchain=STM32CubeIDE
PB10.GPIO_Label=LED 4
FATFS0.BSP.condition=
I2C1.I2C_Mode=I2C_Fast
PB2.GPIOParameters=GPIO_Label
PA9.Signal=SDIO_D2
PB9.Locked=true
RCC.VCOInputMFreq_Value=1562500
ProjectManager.RegisterCallBack=
SDIO.ClockDiv=8
RCC.LSE_VALUE=32768
PC15-OSC32_OUT.Signal=GPIO_Input
PA1.Signal=ADCx_IN1
PA7.GPIO_PuPd=GPIO_PULLUP
PB1.Locked=true
PB10.Signal=GPIO_Output
RCC.VCOI2SOutputFreq_Value=300000000
PB14.Signal=GPIO_Output
FATFS.BSP.number=1
PA5.Signal=GPIO_Input
PH1\ -\ OSC_OUT.Signal=RCC_OSC_OUT
board=custom
RCC.VCOOutputFreq_Value=192000000
ProjectManager.LastFirmware=true
PB15.Mode=SD_4_bits_Wide_bus
RCC.APB2Freq_Value=96000000
MxCube.Version=6.2.1
Mcu.Pin37=VP_SYS_VS_Systick
Mcu.Pin38=VP_USB_DEVICE_VS_USB_DEVICE_AUDIO_FS
Mcu.Pin35=VP_FATFS_VS_SDIO
Mcu.Pin36=VP_RTC_VS_RTC_Activate
SH.ADCx_IN0.ConfNb=1
FATFS0.BSP.i2creg=
SH.ADCx_IN2.ConfNb=1
Mcu.Pin30=PB5
PA10.GPIOParameters=GPIO_PuPd,GPIO_Label
VP_SYS_VS_Systick.Mode=SysTick
RCC.EthernetFreq_Value=96000000
Mcu.Pin33=PB8
Mcu.Pin34=PB9
Mcu.Pin31=PB6
Mcu.Pin32=PB7
PC15-OSC32_OUT.GPIO_PuPd=GPIO_PULLUP
NVIC.NonMaskableInt_IRQn=true\:0\:0\:false\:false\:true\:false\:false
PA4.GPIOParameters=GPIO_PuPd,GPIO_Label
ADC1.DMAContinuousRequests=DISABLE
VP_USB_DEVICE_VS_USB_DEVICE_AUDIO_FS.Signal=USB_DEVICE_VS_USB_DEVICE_AUDIO_FS
VP_USB_DEVICE_VS_USB_DEVICE_AUDIO_FS.Mode=AUDIO_FS
ADC1.NbrOfConversion=1
FATFS._USE_FIND=1
PA13.Mode=Serial_Wire
ProjectManager.FreePins=false
RCC.IPParameters=48MHZClocksFreq_Value,AHBFreq_Value,APB1CLKDivider,APB1Freq_Value,APB1TimFreq_Value,APB2Freq_Value,APB2TimFreq_Value,CortexFreq_Value,EthernetFreq_Value,FCLKCortexFreq_Value,FamilyName,HCLKFreq_Value,HSE_VALUE,HSI_VALUE,I2SClocksFreq_Value,LSE_VALUE,LSI_VALUE,PLLCLKFreq_Value,PLLM,PLLQCLKFreq_Value,RTCFreq_Value,RTCHSEDivFreq_Value,SYSCLKFreq_VALUE,SYSCLKSource,VCOI2SOutputFreq_Value,VCOInputFreq_Value,VCOInputMFreq_Value,VCOOutputFreq_Value,VcooutputI2S
ProjectManager.AskForMigrate=true
Mcu.Name=STM32F411C(C-E)Ux
Mcu.Pin26=PA14
Mcu.Pin27=PA15
RCC.RTCHSEDivFreq_Value=12500000
PA2.Signal=ADCx_IN2
Mcu.Pin24=PA12
ProjectManager.UnderRoot=true
Mcu.Pin25=PA13
PB2.Locked=true
Mcu.IP8=USB_DEVICE
Mcu.IP9=USB_OTG_FS
Mcu.Pin28=PB3
Mcu.IP6=SDIO
Mcu.Pin29=PB4
Mcu.IP7=SYS
ProjectManager.CoupleFile=false
RCC.48MHZClocksFreq_Value=48000000
PB3.Signal=GPIO_Output
PA4.Signal=GPIO_Input
RCC.SYSCLKFreq_VALUE=96000000
PB5.Signal=SDIO_D3
Mcu.Pin22=PA10
Mcu.Pin23=PA11
PA7.GPIO_Label=Button 3
Mcu.Pin20=PA8
ADC1.master=1
Mcu.Pin21=PA9
PA12.Mode=Device_Only
PA5.GPIO_Label=Button 2
PA10.Locked=true
NVIC.ForceEnableDMAVector=true
KeepUserPlacement=false
NVIC.MemoryManagement_IRQn=true\:0\:0\:false\:false\:true\:false\:false
ProjectManager.CompilerOptimize=6
PB7.Mode=I2C
PA11.Signal=USB_OTG_FS_DM
PA14.Signal=SYS_JTCK-SWCLK
PB2.GPIO_Label=LED 3
ProjectManager.HeapSize=0x200
Mcu.Pin15=PB10
NVIC.HardFault_IRQn=true\:0\:0\:false\:false\:true\:false\:false
Mcu.Pin16=PB12
Mcu.Pin13=PB1
Mcu.Pin14=PB2
Mcu.Pin19=PB15
ProjectManager.ComputerToolchain=false
Mcu.Pin17=PB13
RCC.HSI_VALUE=16000000
Mcu.Pin18=PB14
NVIC.PriorityGroup=NVIC_PRIORITYGROUP_4
ADC1.NbrOfConversionFlag=1
Mcu.Pin11=PA7
Mcu.Pin12=PB0
FATFS0.BSP.component=
RCC.PLLM=25
Mcu.Pin10=PA6
PA15.GPIO_PuPd=GPIO_PULLUP
PB8.Signal=GPIO_Output
PC14-OSC32_IN.GPIO_PuPd=GPIO_PULLDOWN
PA8.Mode=SD_4_bits_Wide_bus
RCC.APB1Freq_Value=48000000
PB0.Signal=GPIO_Output
USB_DEVICE.VirtualMode=Audio
ADC1.ClockPrescaler=ADC_CLOCK_SYNC_PCLK_DIV4
PA7.GPIOParameters=GPIO_PuPd,GPIO_Label
ProjectManager.DeviceId=STM32F411CEUx
PB12.GPIOParameters=GPIO_Label
PB12.Signal=GPIO_Output
FATFS0.BSP.name=Detect_SDIO
ProjectManager.LibraryCopy=1
PB1.GPIOParameters=GPIO_Label
PA7.Signal=GPIO_Input
isbadioc=false
